
Microsoft Visual Studio Solution File, Format Version 12.00
# Visual Studio Version 17
VisualStudioVersion = 17.7.33711.374
MinimumVisualStudioVersion = 10.0.40219.1
Project("{9A19103F-16F7-4668-BE54-9A1E7A4F7556}") = "ODR.LiveTiming.UploadService", "LiveTimingService\ODR.LiveTiming.UploadService.csproj", "{2461B92D-F0C7-4C35-B7DE-C0EB8779E690}"
EndProject
Project("{2150E333-8FDC-42A3-9474-1A3956D46DE8}") = "Solution Items", "Solution Items", "{5C4C1F07-E935-4F76-8C66-E8849EEA05B6}"
	ProjectSection(SolutionItems) = preProject
		.editorconfig = .editorconfig
	EndProjectSection
EndProject
Project("{B7DD6F7E-DEF8-4E67-B5B7-07EF123DB6F0}") = "ServiceInstaller", "ServiceInstaller\ServiceInstaller.wixproj", "{5CF522FB-5F3D-45F4-B400-E49E77F53C96}"
EndProject
Global
	GlobalSection(SolutionConfigurationPlatforms) = preSolution
		Debug|Any CPU = Debug|Any CPU
		Debug|ARM64 = Debug|ARM64
		Debug|x64 = Debug|x64
		Debug|x86 = Debug|x86
		Release|Any CPU = Release|Any CPU
		Release|ARM64 = Release|ARM64
		Release|x64 = Release|x64
		Release|x86 = Release|x86
	EndGlobalSection
	GlobalSection(ProjectConfigurationPlatforms) = postSolution
		{2461B92D-F0C7-4C35-B7DE-C0EB8779E690}.Debug|Any CPU.ActiveCfg = Debug|Any CPU
		{2461B92D-F0C7-4C35-B7DE-C0EB8779E690}.Debug|Any CPU.Build.0 = Debug|Any CPU
		{2461B92D-F0C7-4C35-B7DE-C0EB8779E690}.Debug|ARM64.ActiveCfg = Debug|Any CPU
		{2461B92D-F0C7-4C35-B7DE-C0EB8779E690}.Debug|ARM64.Build.0 = Debug|Any CPU
		{2461B92D-F0C7-4C35-B7DE-C0EB8779E690}.Debug|x64.ActiveCfg = Debug|Any CPU
		{2461B92D-F0C7-4C35-B7DE-C0EB8779E690}.Debug|x64.Build.0 = Debug|Any CPU
		{2461B92D-F0C7-4C35-B7DE-C0EB8779E690}.Debug|x86.ActiveCfg = Debug|Any CPU
		{2461B92D-F0C7-4C35-B7DE-C0EB8779E690}.Debug|x86.Build.0 = Debug|Any CPU
		{2461B92D-F0C7-4C35-B7DE-C0EB8779E690}.Release|Any CPU.ActiveCfg = Release|Any CPU
		{2461B92D-F0C7-4C35-B7DE-C0EB8779E690}.Release|Any CPU.Build.0 = Release|Any CPU
		{2461B92D-F0C7-4C35-B7DE-C0EB8779E690}.Release|ARM64.ActiveCfg = Release|Any CPU
		{2461B92D-F0C7-4C35-B7DE-C0EB8779E690}.Release|ARM64.Build.0 = Release|Any CPU
		{2461B92D-F0C7-4C35-B7DE-C0EB8779E690}.Release|x64.ActiveCfg = Release|Any CPU
		{2461B92D-F0C7-4C35-B7DE-C0EB8779E690}.Release|x64.Build.0 = Release|Any CPU
		{2461B92D-F0C7-4C35-B7DE-C0EB8779E690}.Release|x86.ActiveCfg = Release|Any CPU
		{2461B92D-F0C7-4C35-B7DE-C0EB8779E690}.Release|x86.Build.0 = Release|Any CPU
		{5CF522FB-5F3D-45F4-B400-E49E77F53C96}.Debug|Any CPU.ActiveCfg = Debug|x64
		{5CF522FB-5F3D-45F4-B400-E49E77F53C96}.Debug|Any CPU.Build.0 = Debug|x64
		{5CF522FB-5F3D-45F4-B400-E49E77F53C96}.Debug|ARM64.ActiveCfg = Debug|ARM64
		{5CF522FB-5F3D-45F4-B400-E49E77F53C96}.Debug|ARM64.Build.0 = Debug|ARM64
		{5CF522FB-5F3D-45F4-B400-E49E77F53C96}.Debug|x64.ActiveCfg = Debug|x64
		{5CF522FB-5F3D-45F4-B400-E49E77F53C96}.Debug|x64.Build.0 = Debug|x64
		{5CF522FB-5F3D-45F4-B400-E49E77F53C96}.Debug|x86.ActiveCfg = Debug|x86
		{5CF522FB-5F3D-45F4-B400-E49E77F53C96}.Debug|x86.Build.0 = Debug|x86
		{5CF522FB-5F3D-45F4-B400-E49E77F53C96}.Release|Any CPU.ActiveCfg = Release|x64
		{5CF522FB-5F3D-45F4-B400-E49E77F53C96}.Release|Any CPU.Build.0 = Release|x64
		{5CF522FB-5F3D-45F4-B400-E49E77F53C96}.Release|ARM64.ActiveCfg = Release|ARM64
		{5CF522FB-5F3D-45F4-B400-E49E77F53C96}.Release|ARM64.Build.0 = Release|ARM64
		{5CF522FB-5F3D-45F4-B400-E49E77F53C96}.Release|x64.ActiveCfg = Release|x64
		{5CF522FB-5F3D-45F4-B400-E49E77F53C96}.Release|x64.Build.0 = Release|x64
		{5CF522FB-5F3D-45F4-B400-E49E77F53C96}.Release|x86.ActiveCfg = Release|x86
		{5CF522FB-5F3D-45F4-B400-E49E77F53C96}.Release|x86.Build.0 = Release|x86
	EndGlobalSection
	GlobalSection(SolutionProperties) = preSolution
		HideSolutionNode = FALSE
	EndGlobalSection
	GlobalSection(ExtensibilityGlobals) = postSolution
		SolutionGuid = {5235C795-26C3-470B-89F4-40D6EF7F6606}
	EndGlobalSection
EndGlobal
